
Microsoft Visual Studio Solution File, Format Version 12.00
# Visual Studio Version 16
VisualStudioVersion = 16.0.30907.101
MinimumVisualStudioVersion = 10.0.40219.1
Project("{9A19103F-16F7-4668-BE54-9A1E7A4F7556}") = "Standalone", "Standalone\Standalone.csproj", "{815D6B5D-F950-4FEA-B383-60519C5D135A}"
EndProject
Project("{2150E333-8FDC-42A3-9474-1A3956D46DE8}") = "Solution Items", "Solution Items", "{DEDF78D6-E523-44AD-973A-974BE6850681}"
	ProjectSection(SolutionItems) = preProject
		README.md = README.md
	EndProjectSection
EndProject
Project("{9A19103F-16F7-4668-BE54-9A1E7A4F7556}") = "Library", "Library\Library.csproj", "{C276CB05-D4EE-40B2-9AB6-89DD627C9BE7}"
EndProject
Project("{9A19103F-16F7-4668-BE54-9A1E7A4F7556}") = "Client", "Client\Client.csproj", "{823F25C0-DF41-424A-B6BE-DF7D4B55D5C1}"
EndProject
Project("{9A19103F-16F7-4668-BE54-9A1E7A4F7556}") = "Spikes", "Spikes\Spikes.csproj", "{8C42CB6B-C826-4B72-BB5B-7A61A0143F42}"
EndProject
Project("{FAE04EC0-301F-11D3-BF4B-00C04F79EFBC}") = "Tests", "Tests\Tests.csproj", "{2FDF06B6-7A76-4D34-8F5B-7781CF9DCA75}"
EndProject
Global
	GlobalSection(SolutionConfigurationPlatforms) = preSolution
		Debug|Any CPU = Debug|Any CPU
		Release|Any CPU = Release|Any CPU
	EndGlobalSection
	GlobalSection(ProjectConfigurationPlatforms) = postSolution
		{815D6B5D-F950-4FEA-B383-60519C5D135A}.Debug|Any CPU.ActiveCfg = Debug|Any CPU
		{815D6B5D-F950-4FEA-B383-60519C5D135A}.Debug|Any CPU.Build.0 = Debug|Any CPU
		{815D6B5D-F950-4FEA-B383-60519C5D135A}.Release|Any CPU.ActiveCfg = Release|Any CPU
		{815D6B5D-F950-4FEA-B383-60519C5D135A}.Release|Any CPU.Build.0 = Release|Any CPU
		{C276CB05-D4EE-40B2-9AB6-89DD627C9BE7}.Debug|Any CPU.ActiveCfg = Debug|Any CPU
		{C276CB05-D4EE-40B2-9AB6-89DD627C9BE7}.Debug|Any CPU.Build.0 = Debug|Any CPU
		{C276CB05-D4EE-40B2-9AB6-89DD627C9BE7}.Release|Any CPU.ActiveCfg = Release|Any CPU
		{C276CB05-D4EE-40B2-9AB6-89DD627C9BE7}.Release|Any CPU.Build.0 = Release|Any CPU
		{823F25C0-DF41-424A-B6BE-DF7D4B55D5C1}.Debug|Any CPU.ActiveCfg = Debug|Any CPU
		{823F25C0-DF41-424A-B6BE-DF7D4B55D5C1}.Debug|Any CPU.Build.0 = Debug|Any CPU
		{823F25C0-DF41-424A-B6BE-DF7D4B55D5C1}.Release|Any CPU.ActiveCfg = Release|Any CPU
		{823F25C0-DF41-424A-B6BE-DF7D4B55D5C1}.Release|Any CPU.Build.0 = Release|Any CPU
		{8C42CB6B-C826-4B72-BB5B-7A61A0143F42}.Debug|Any CPU.ActiveCfg = Debug|Any CPU
		{8C42CB6B-C826-4B72-BB5B-7A61A0143F42}.Debug|Any CPU.Build.0 = Debug|Any CPU
		{8C42CB6B-C826-4B72-BB5B-7A61A0143F42}.Release|Any CPU.ActiveCfg = Release|Any CPU
		{8C42CB6B-C826-4B72-BB5B-7A61A0143F42}.Release|Any CPU.Build.0 = Release|Any CPU
		{2FDF06B6-7A76-4D34-8F5B-7781CF9DCA75}.Debug|Any CPU.ActiveCfg = Debug|Any CPU
		{2FDF06B6-7A76-4D34-8F5B-7781CF9DCA75}.Debug|Any CPU.Build.0 = Debug|Any CPU
		{2FDF06B6-7A76-4D34-8F5B-7781CF9DCA75}.Release|Any CPU.ActiveCfg = Release|Any CPU
		{2FDF06B6-7A76-4D34-8F5B-7781CF9DCA75}.Release|Any CPU.Build.0 = Release|Any CPU
	EndGlobalSection
	GlobalSection(SolutionProperties) = preSolution
		HideSolutionNode = FALSE
	EndGlobalSection
	GlobalSection(ExtensibilityGlobals) = postSolution
		SolutionGuid = {AC3D512A-30FC-43FE-83E0-113B68A70C44}
	EndGlobalSection
EndGlobal
